// !$*UTF8*$!
{
	archiveVersion = 1;
	classes = {
	};
	objectVersion = 50;
	objects = {

/* Begin PBXBuildFile section */
		842F33B926A0A49A001A5FA9 /* AppDelegate.m in Sources */ = {isa = PBXBuildFile; fileRef = 842F33B826A0A49A001A5FA9 /* AppDelegate.m */; };
		842F33BF26A0A49A001A5FA9 /* ArtistVC.m in Sources */ = {isa = PBXBuildFile; fileRef = 842F33BE26A0A49A001A5FA9 /* ArtistVC.m */; };
		842F33C226A0A49A001A5FA9 /* Main.storyboard in Resources */ = {isa = PBXBuildFile; fileRef = 842F33C026A0A49A001A5FA9 /* Main.storyboard */; };
		842F33C426A0A4A5001A5FA9 /* Assets.xcassets in Resources */ = {isa = PBXBuildFile; fileRef = 842F33C326A0A4A5001A5FA9 /* Assets.xcassets */; };
		842F33C726A0A4A5001A5FA9 /* LaunchScreen.storyboard in Resources */ = {isa = PBXBuildFile; fileRef = 842F33C526A0A4A5001A5FA9 /* LaunchScreen.storyboard */; };
		842F33CA26A0A4A5001A5FA9 /* main.m in Sources */ = {isa = PBXBuildFile; fileRef = 842F33C926A0A4A5001A5FA9 /* main.m */; };
		842F33D626A1E393001A5FA9 /* SimpleButton.m in Sources */ = {isa = PBXBuildFile; fileRef = 842F33D526A1E393001A5FA9 /* SimpleButton.m */; };
		842F33DB26A49A03001A5FA9 /* Montserrat-Regular.ttf in Resources */ = {isa = PBXBuildFile; fileRef = 842F33D926A49A03001A5FA9 /* Montserrat-Regular.ttf */; };
		842F33DC26A49A03001A5FA9 /* Montserrat-Medium.ttf in Resources */ = {isa = PBXBuildFile; fileRef = 842F33DA26A49A03001A5FA9 /* Montserrat-Medium.ttf */; };
		842F33E126A4AD95001A5FA9 /* DrawingsVC.m in Sources */ = {isa = PBXBuildFile; fileRef = 842F33E026A4AD95001A5FA9 /* DrawingsVC.m */; };
		842F33E726A4B512001A5FA9 /* ColorButton.m in Sources */ = {isa = PBXBuildFile; fileRef = 842F33E626A4B512001A5FA9 /* ColorButton.m */; };
		842F33F126A4BC00001A5FA9 /* PaletteVC.m in Sources */ = {isa = PBXBuildFile; fileRef = 842F33F026A4BC00001A5FA9 /* PaletteVC.m */; };
		84574AB426A5E4EB00D2E5DC /* CanvasView.m in Sources */ = {isa = PBXBuildFile; fileRef = 84574AB326A5E4EB00D2E5DC /* CanvasView.m */; };
/* End PBXBuildFile section */

/* Begin PBXFileReference section */
		842F33B426A0A49A001A5FA9 /* RSSchool_T8.app */ = {isa = PBXFileReference; explicitFileType = wrapper.application; includeInIndex = 0; path = RSSchool_T8.app; sourceTree = BUILT_PRODUCTS_DIR; };
		842F33B726A0A49A001A5FA9 /* AppDelegate.h */ = {isa = PBXFileReference; lastKnownFileType = sourcecode.c.h; path = AppDelegate.h; sourceTree = "<group>"; };
		842F33B826A0A49A001A5FA9 /* AppDelegate.m */ = {isa = PBXFileReference; lastKnownFileType = sourcecode.c.objc; path = AppDelegate.m; sourceTree = "<group>"; };
		842F33BD26A0A49A001A5FA9 /* ArtistVC.h */ = {isa = PBXFileReference; lastKnownFileType = sourcecode.c.h; path = ArtistVC.h; sourceTree = "<group>"; };
		842F33BE26A0A49A001A5FA9 /* ArtistVC.m */ = {isa = PBXFileReference; lastKnownFileType = sourcecode.c.objc; path = ArtistVC.m; sourceTree = "<group>"; };
		842F33C126A0A49A001A5FA9 /* Base */ = {isa = PBXFileReference; lastKnownFileType = file.storyboard; name = Base; path = Base.lproj/Main.storyboard; sourceTree = "<group>"; };
		842F33C326A0A4A5001A5FA9 /* Assets.xcassets */ = {isa = PBXFileReference; lastKnownFileType = folder.assetcatalog; path = Assets.xcassets; sourceTree = "<group>"; };
		842F33C626A0A4A5001A5FA9 /* Base */ = {isa = PBXFileReference; lastKnownFileType = file.storyboard; name = Base; path = Base.lproj/LaunchScreen.storyboard; sourceTree = "<group>"; };
		842F33C826A0A4A5001A5FA9 /* Info.plist */ = {isa = PBXFileReference; lastKnownFileType = text.plist.xml; path = Info.plist; sourceTree = "<group>"; };
		842F33C926A0A4A5001A5FA9 /* main.m */ = {isa = PBXFileReference; lastKnownFileType = sourcecode.c.objc; path = main.m; sourceTree = "<group>"; };
		842F33D426A1E393001A5FA9 /* SimpleButton.h */ = {isa = PBXFileReference; lastKnownFileType = sourcecode.c.h; path = SimpleButton.h; sourceTree = "<group>"; };
		842F33D526A1E393001A5FA9 /* SimpleButton.m */ = {isa = PBXFileReference; lastKnownFileType = sourcecode.c.objc; path = SimpleButton.m; sourceTree = "<group>"; };
		842F33D926A49A03001A5FA9 /* Montserrat-Regular.ttf */ = {isa = PBXFileReference; lastKnownFileType = file; path = "Montserrat-Regular.ttf"; sourceTree = "<group>"; };
		842F33DA26A49A03001A5FA9 /* Montserrat-Medium.ttf */ = {isa = PBXFileReference; lastKnownFileType = file; path = "Montserrat-Medium.ttf"; sourceTree = "<group>"; };
		842F33DF26A4AD95001A5FA9 /* DrawingsVC.h */ = {isa = PBXFileReference; lastKnownFileType = sourcecode.c.h; path = DrawingsVC.h; sourceTree = "<group>"; };
		842F33E026A4AD95001A5FA9 /* DrawingsVC.m */ = {isa = PBXFileReference; lastKnownFileType = sourcecode.c.objc; path = DrawingsVC.m; sourceTree = "<group>"; };
		842F33E526A4B511001A5FA9 /* ColorButton.h */ = {isa = PBXFileReference; lastKnownFileType = sourcecode.c.h; path = ColorButton.h; sourceTree = "<group>"; };
		842F33E626A4B512001A5FA9 /* ColorButton.m */ = {isa = PBXFileReference; lastKnownFileType = sourcecode.c.objc; path = ColorButton.m; sourceTree = "<group>"; };
		842F33EF26A4BC00001A5FA9 /* PaletteVC.h */ = {isa = PBXFileReference; lastKnownFileType = sourcecode.c.h; path = PaletteVC.h; sourceTree = "<group>"; };
		842F33F026A4BC00001A5FA9 /* PaletteVC.m */ = {isa = PBXFileReference; lastKnownFileType = sourcecode.c.objc; path = PaletteVC.m; sourceTree = "<group>"; };
		84574AB226A5E4EB00D2E5DC /* CanvasView.h */ = {isa = PBXFileReference; lastKnownFileType = sourcecode.c.h; path = CanvasView.h; sourceTree = "<group>"; };
		84574AB326A5E4EB00D2E5DC /* CanvasView.m */ = {isa = PBXFileReference; lastKnownFileType = sourcecode.c.objc; path = CanvasView.m; sourceTree = "<group>"; };
/* End PBXFileReference section */

/* Begin PBXFrameworksBuildPhase section */
		842F33B126A0A499001A5FA9 /* Frameworks */ = {
			isa = PBXFrameworksBuildPhase;
			buildActionMask = 2147483647;
			files = (
			);
			runOnlyForDeploymentPostprocessing = 0;
		};
/* End PBXFrameworksBuildPhase section */

/* Begin PBXGroup section */
		842F33AB26A0A499001A5FA9 = {
			isa = PBXGroup;
			children = (
				842F33B626A0A49A001A5FA9 /* RSSchool_T8 */,
				842F33B526A0A49A001A5FA9 /* Products */,
			);
			sourceTree = "<group>";
		};
		842F33B526A0A49A001A5FA9 /* Products */ = {
			isa = PBXGroup;
			children = (
				842F33B426A0A49A001A5FA9 /* RSSchool_T8.app */,
			);
			name = Products;
			sourceTree = "<group>";
		};
		842F33B626A0A49A001A5FA9 /* RSSchool_T8 */ = {
			isa = PBXGroup;
			children = (
				842F33B726A0A49A001A5FA9 /* AppDelegate.h */,
				842F33B826A0A49A001A5FA9 /* AppDelegate.m */,
				842F33E426A4B4DB001A5FA9 /* Views */,
				842F33D226A1CAEE001A5FA9 /* ViewControllers */,
				842F33C026A0A49A001A5FA9 /* Main.storyboard */,
				842F33C326A0A4A5001A5FA9 /* Assets.xcassets */,
				842F33C526A0A4A5001A5FA9 /* LaunchScreen.storyboard */,
				842F33C826A0A4A5001A5FA9 /* Info.plist */,
				842F33C926A0A4A5001A5FA9 /* main.m */,
				842F33D826A499A0001A5FA9 /* Resources */,
			);
			path = RSSchool_T8;
			sourceTree = "<group>";
		};
		842F33D226A1CAEE001A5FA9 /* ViewControllers */ = {
			isa = PBXGroup;
			children = (
				842F33BD26A0A49A001A5FA9 /* ArtistVC.h */,
				842F33BE26A0A49A001A5FA9 /* ArtistVC.m */,
				842F33DF26A4AD95001A5FA9 /* DrawingsVC.h */,
				842F33E026A4AD95001A5FA9 /* DrawingsVC.m */,
				842F33EF26A4BC00001A5FA9 /* PaletteVC.h */,
				842F33F026A4BC00001A5FA9 /* PaletteVC.m */,
			);
			path = ViewControllers;
			sourceTree = "<group>";
		};
		842F33D826A499A0001A5FA9 /* Resources */ = {
			isa = PBXGroup;
			children = (
				842F33DA26A49A03001A5FA9 /* Montserrat-Medium.ttf */,
				842F33D926A49A03001A5FA9 /* Montserrat-Regular.ttf */,
			);
			path = Resources;
			sourceTree = "<group>";
		};
		842F33E426A4B4DB001A5FA9 /* Views */ = {
			isa = PBXGroup;
			children = (
				84574AB726A6048500D2E5DC /* Buttons */,
				84574AB226A5E4EB00D2E5DC /* CanvasView.h */,
				84574AB326A5E4EB00D2E5DC /* CanvasView.m */,
			);
			path = Views;
			sourceTree = "<group>";
		};
		84574AB726A6048500D2E5DC /* Buttons */ = {
			isa = PBXGroup;
			children = (
				842F33D426A1E393001A5FA9 /* SimpleButton.h */,
				842F33D526A1E393001A5FA9 /* SimpleButton.m */,
				842F33E526A4B511001A5FA9 /* ColorButton.h */,
				842F33E626A4B512001A5FA9 /* ColorButton.m */,
			);
			path = Buttons;
			sourceTree = "<group>";
		};
/* End PBXGroup section */

/* Begin PBXNativeTarget section */
		842F33B326A0A499001A5FA9 /* RSSchool_T8 */ = {
			isa = PBXNativeTarget;
			buildConfigurationList = 842F33CD26A0A4A5001A5FA9 /* Build configuration list for PBXNativeTarget "RSSchool_T8" */;
			buildPhases = (
				842F33B026A0A499001A5FA9 /* Sources */,
				842F33B126A0A499001A5FA9 /* Frameworks */,
				842F33B226A0A499001A5FA9 /* Resources */,
			);
			buildRules = (
			);
			dependencies = (
			);
			name = RSSchool_T8;
			productName = RSSchool_T8;
			productReference = 842F33B426A0A49A001A5FA9 /* RSSchool_T8.app */;
			productType = "com.apple.product-type.application";
		};
/* End PBXNativeTarget section */

/* Begin PBXProject section */
		842F33AC26A0A499001A5FA9 /* Project object */ = {
			isa = PBXProject;
			attributes = {
				LastUpgradeCheck = 1240;
				TargetAttributes = {
					842F33B326A0A499001A5FA9 = {
						CreatedOnToolsVersion = 12.4;
					};
				};
			};
			buildConfigurationList = 842F33AF26A0A499001A5FA9 /* Build configuration list for PBXProject "RSSchool_T8" */;
			compatibilityVersion = "Xcode 9.3";
			developmentRegion = en;
			hasScannedForEncodings = 0;
			knownRegions = (
				en,
				Base,
			);
			mainGroup = 842F33AB26A0A499001A5FA9;
			productRefGroup = 842F33B526A0A49A001A5FA9 /* Products */;
			projectDirPath = "";
			projectRoot = "";
			targets = (
				842F33B326A0A499001A5FA9 /* RSSchool_T8 */,
			);
		};
/* End PBXProject section */

/* Begin PBXResourcesBuildPhase section */
		842F33B226A0A499001A5FA9 /* Resources */ = {
			isa = PBXResourcesBuildPhase;
			buildActionMask = 2147483647;
			files = (
				842F33DB26A49A03001A5FA9 /* Montserrat-Regular.ttf in Resources */,
				842F33DC26A49A03001A5FA9 /* Montserrat-Medium.ttf in Resources */,
				842F33C726A0A4A5001A5FA9 /* LaunchScreen.storyboard in Resources */,
				842F33C426A0A4A5001A5FA9 /* Assets.xcassets in Resources */,
				842F33C226A0A49A001A5FA9 /* Main.storyboard in Resources */,
			);
			runOnlyForDeploymentPostprocessing = 0;
		};
/* End PBXResourcesBuildPhase section */

/* Begin PBXSourcesBuildPhase section */
		842F33B026A0A499001A5FA9 /* Sources */ = {
			isa = PBXSourcesBuildPhase;
			buildActionMask = 2147483647;
			files = (
				842F33BF26A0A49A001A5FA9 /* ArtistVC.m in Sources */,
				842F33F126A4BC00001A5FA9 /* PaletteVC.m in Sources */,
				842F33E726A4B512001A5FA9 /* ColorButton.m in Sources */,
				842F33B926A0A49A001A5FA9 /* AppDelegate.m in Sources */,
				842F33CA26A0A4A5001A5FA9 /* main.m in Sources */,
				842F33D626A1E393001A5FA9 /* SimpleButton.m in Sources */,
				84574AB426A5E4EB00D2E5DC /* CanvasView.m in Sources */,
				842F33E126A4AD95001A5FA9 /* DrawingsVC.m in Sources */,
			);
			runOnlyForDeploymentPostprocessing = 0;
		};
/* End PBXSourcesBuildPhase section */

/* Begin PBXVariantGroup section */
		842F33C026A0A49A001A5FA9 /* Main.storyboard */ = {
			isa = PBXVariantGroup;
			children = (
				842F33C126A0A49A001A5FA9 /* Base */,
			);
			name = Main.storyboard;
			sourceTree = "<group>";
		};
		842F33C526A0A4A5001A5FA9 /* LaunchScreen.storyboard */ = {
			isa = PBXVariantGroup;
			children = (
				842F33C626A0A4A5001A5FA9 /* Base */,
			);
			name = LaunchScreen.storyboard;
			sourceTree = "<group>";
		};
/* End PBXVariantGroup section */

/* Begin XCBuildConfiguration section */
		842F33CB26A0A4A5001A5FA9 /* Debug */ = {
			isa = XCBuildConfiguration;
			buildSettings = {
				ALWAYS_SEARCH_USER_PATHS = NO;
				CLANG_ANALYZER_NONNULL = YES;
				CLANG_ANALYZER_NUMBER_OBJECT_CONVERSION = YES_AGGRESSIVE;
				CLANG_CXX_LANGUAGE_STANDARD = "gnu++14";
				CLANG_CXX_LIBRARY = "libc++";
				CLANG_ENABLE_MODULES = YES;
				CLANG_ENABLE_OBJC_ARC = YES;
				CLANG_ENABLE_OBJC_WEAK = YES;
				CLANG_WARN_BLOCK_CAPTURE_AUTORELEASING = YES;
				CLANG_WARN_BOOL_CONVERSION = YES;
				CLANG_WARN_COMMA = YES;
				CLANG_WARN_CONSTANT_CONVERSION = YES;
				CLANG_WARN_DEPRECATED_OBJC_IMPLEMENTATIONS = YES;
				CLANG_WARN_DIRECT_OBJC_ISA_USAGE = YES_ERROR;
				CLANG_WARN_DOCUMENTATION_COMMENTS = YES;
				CLANG_WARN_EMPTY_BODY = YES;
				CLANG_WARN_ENUM_CONVERSION = YES;
				CLANG_WARN_INFINITE_RECURSION = YES;
				CLANG_WARN_INT_CONVERSION = YES;
				CLANG_WARN_NON_LITERAL_NULL_CONVERSION = YES;
				CLANG_WARN_OBJC_IMPLICIT_RETAIN_SELF = YES;
				CLANG_WARN_OBJC_LITERAL_CONVERSION = YES;
				CLANG_WARN_OBJC_ROOT_CLASS = YES_ERROR;
				CLANG_WARN_QUOTED_INCLUDE_IN_FRAMEWORK_HEADER = YES;
				CLANG_WARN_RANGE_LOOP_ANALYSIS = YES;
				CLANG_WARN_STRICT_PROTOTYPES = YES;
				CLANG_WARN_SUSPICIOUS_MOVE = YES;
				CLANG_WARN_UNGUARDED_AVAILABILITY = YES_AGGRESSIVE;
				CLANG_WARN_UNREACHABLE_CODE = YES;
				CLANG_WARN__DUPLICATE_METHOD_MATCH = YES;
				COPY_PHASE_STRIP = NO;
				DEBUG_INFORMATION_FORMAT = dwarf;
				ENABLE_STRICT_OBJC_MSGSEND = YES;
				ENABLE_TESTABILITY = YES;
				GCC_C_LANGUAGE_STANDARD = gnu11;
				GCC_DYNAMIC_NO_PIC = NO;
				GCC_NO_COMMON_BLOCKS = YES;
				GCC_OPTIMIZATION_LEVEL = 0;
				GCC_PREPROCESSOR_DEFINITIONS = (
					"DEBUG=1",
					"$(inherited)",
				);
				GCC_WARN_64_TO_32_BIT_CONVERSION = YES;
				GCC_WARN_ABOUT_RETURN_TYPE = YES_ERROR;
				GCC_WARN_UNDECLARED_SELECTOR = YES;
				GCC_WARN_UNINITIALIZED_AUTOS = YES_AGGRESSIVE;
				GCC_WARN_UNUSED_FUNCTION = YES;
				GCC_WARN_UNUSED_VARIABLE = YES;
				IPHONEOS_DEPLOYMENT_TARGET = 14.4;
				MTL_ENABLE_DEBUG_INFO = INCLUDE_SOURCE;
				MTL_FAST_MATH = YES;
				ONLY_ACTIVE_ARCH = YES;
				SDKROOT = iphoneos;
			};
			name = Debug;
		};
		842F33CC26A0A4A5001A5FA9 /* Release */ = {
			isa = XCBuildConfiguration;
			buildSettings = {
				ALWAYS_SEARCH_USER_PATHS = NO;
				CLANG_ANALYZER_NONNULL = YES;
				CLANG_ANALYZER_NUMBER_OBJECT_CONVERSION = YES_AGGRESSIVE;
				CLANG_CXX_LANGUAGE_STANDARD = "gnu++14";
				CLANG_CXX_LIBRARY = "libc++";
				CLANG_ENABLE_MODULES = YES;
				CLANG_ENABLE_OBJC_ARC = YES;
				CLANG_ENABLE_OBJC_WEAK = YES;
				CLANG_WARN_BLOCK_CAPTURE_AUTORELEASING = YES;
				CLANG_WARN_BOOL_CONVERSION = YES;
				CLANG_WARN_COMMA = YES;
				CLANG_WARN_CONSTANT_CONVERSION = YES;
				CLANG_WARN_DEPRECATED_OBJC_IMPLEMENTATIONS = YES;
				CLANG_WARN_DIRECT_OBJC_ISA_USAGE = YES_ERROR;
				CLANG_WARN_DOCUMENTATION_COMMENTS = YES;
				CLANG_WARN_EMPTY_BODY = YES;
				CLANG_WARN_ENUM_CONVERSION = YES;
				CLANG_WARN_INFINITE_RECURSION = YES;
				CLANG_WARN_INT_CONVERSION = YES;
				CLANG_WARN_NON_LITERAL_NULL_CONVERSION = YES;
				CLANG_WARN_OBJC_IMPLICIT_RETAIN_SELF = YES;
				CLANG_WARN_OBJC_LITERAL_CONVERSION = YES;
				CLANG_WARN_OBJC_ROOT_CLASS = YES_ERROR;
				CLANG_WARN_QUOTED_INCLUDE_IN_FRAMEWORK_HEADER = YES;
				CLANG_WARN_RANGE_LOOP_ANALYSIS = YES;
				CLANG_WARN_STRICT_PROTOTYPES = YES;
				CLANG_WARN_SUSPICIOUS_MOVE = YES;
				CLANG_WARN_UNGUARDED_AVAILABILITY = YES_AGGRESSIVE;
				CLANG_WARN_UNREACHABLE_CODE = YES;
				CLANG_WARN__DUPLICATE_METHOD_MATCH = YES;
				COPY_PHASE_STRIP = NO;
				DEBUG_INFORMATION_FORMAT = "dwarf-with-dsym";
				ENABLE_NS_ASSERTIONS = NO;
				ENABLE_STRICT_OBJC_MSGSEND = YES;
				GCC_C_LANGUAGE_STANDARD = gnu11;
				GCC_NO_COMMON_BLOCKS = YES;
				GCC_WARN_64_TO_32_BIT_CONVERSION = YES;
				GCC_WARN_ABOUT_RETURN_TYPE = YES_ERROR;
				GCC_WARN_UNDECLARED_SELECTOR = YES;
				GCC_WARN_UNINITIALIZED_AUTOS = YES_AGGRESSIVE;
				GCC_WARN_UNUSED_FUNCTION = YES;
				GCC_WARN_UNUSED_VARIABLE = YES;
				IPHONEOS_DEPLOYMENT_TARGET = 14.4;
				MTL_ENABLE_DEBUG_INFO = NO;
				MTL_FAST_MATH = YES;
				SDKROOT = iphoneos;
				VALIDATE_PRODUCT = YES;
			};
			name = Release;
		};
		842F33CE26A0A4A5001A5FA9 /* Debug */ = {
			isa = XCBuildConfiguration;
			buildSettings = {
				ASSETCATALOG_COMPILER_APPICON_NAME = AppIcon;
				ASSETCATALOG_COMPILER_GLOBAL_ACCENT_COLOR_NAME = AccentColor;
				CODE_SIGN_STYLE = Automatic;
				DEVELOPMENT_TEAM = WNKSB46D7N;
				INFOPLIST_FILE = RSSchool_T8/Info.plist;
				IPHONEOS_DEPLOYMENT_TARGET = 12.1;
				LD_RUNPATH_SEARCH_PATHS = (
					"$(inherited)",
					"@executable_path/Frameworks",
				);
				PRODUCT_BUNDLE_IDENTIFIER = "com.example.RSSchool-T8";
				PRODUCT_NAME = "$(TARGET_NAME)";
				TARGETED_DEVICE_FAMILY = "1,2";
			};
			name = Debug;
		};
		842F33CF26A0A4A5001A5FA9 /* Release */ = {
			isa = XCBuildConfiguration;
			buildSettings = {
				ASSETCATALOG_COMPILER_APPICON_NAME = AppIcon;
				ASSETCATALOG_COMPILER_GLOBAL_ACCENT_COLOR_NAME = AccentColor;
				CODE_SIGN_STYLE = Automatic;
				DEVELOPMENT_TEAM = WNKSB46D7N;
				INFOPLIST_FILE = RSSchool_T8/Info.plist;
				IPHONEOS_DEPLOYMENT_TARGET = 12.1;
				LD_RUNPATH_SEARCH_PATHS = (
					"$(inherited)",
					"@executable_path/Frameworks",
				);
				PRODUCT_BUNDLE_IDENTIFIER = "com.example.RSSchool-T8";
				PRODUCT_NAME = "$(TARGET_NAME)";
				TARGETED_DEVICE_FAMILY = "1,2";
			};
			name = Release;
		};
/* End XCBuildConfiguration section */

/* Begin XCConfigurationList section */
		842F33AF26A0A499001A5FA9 /* Build configuration list for PBXProject "RSSchool_T8" */ = {
			isa = XCConfigurationList;
			buildConfigurations = (
				842F33CB26A0A4A5001A5FA9 /* Debug */,
				842F33CC26A0A4A5001A5FA9 /* Release */,
			);
			defaultConfigurationIsVisible = 0;
			defaultConfigurationName = Release;
		};
		842F33CD26A0A4A5001A5FA9 /* Build configuration list for PBXNativeTarget "RSSchool_T8" */ = {
			isa = XCConfigurationList;
			buildConfigurations = (
				842F33CE26A0A4A5001A5FA9 /* Debug */,
				842F33CF26A0A4A5001A5FA9 /* Release */,
			);
			defaultConfigurationIsVisible = 0;
			defaultConfigurationName = Release;
		};
/* End XCConfigurationList section */
	};
	rootObject = 842F33AC26A0A499001A5FA9 /* Project object */;
}
